
Microsoft Visual Studio Solution File, Format Version 12.00
# Visual Studio Version 17
VisualStudioVersion = 17.1.32210.238
MinimumVisualStudioVersion = 10.0.40219.1
Project("{FAE04EC0-301F-11D3-BF4B-00C04F79EFBC}") = "UAS_PAW_D", "UAS_PAW_D\UAS_PAW_D.csproj", "{9DF7AB50-6946-41E3-9066-FE209762D5F2}"
EndProject
Project("{FAE04EC0-301F-11D3-BF4B-00C04F79EFBC}") = "NUnitUASProject1", "NUnitUASProject1\NUnitUASProject1.csproj", "{FC3E26CD-F674-49D5-B567-0C4902085D2B}"
EndProject
Project("{FAE04EC0-301F-11D3-BF4B-00C04F79EFBC}") = "UAS_PAW_DTests", "UAS_PAW_DTests\UAS_PAW_DTests.csproj", "{182664EA-9C49-4573-8C53-DA4DAD828737}"
EndProject
Project("{54435603-DBB4-11D2-8724-00A0C9A8B90C}") = "Project1PAW", "Project1PAW\Project1PAW.vdproj", "{A0928135-A6A3-48BC-860B-CE70DC8542C6}"
EndProject
Global
	GlobalSection(SolutionConfigurationPlatforms) = preSolution
		Debug|Any CPU = Debug|Any CPU
		Release|Any CPU = Release|Any CPU
	EndGlobalSection
	GlobalSection(ProjectConfigurationPlatforms) = postSolution
		{9DF7AB50-6946-41E3-9066-FE209762D5F2}.Debug|Any CPU.ActiveCfg = Debug|Any CPU
		{9DF7AB50-6946-41E3-9066-FE209762D5F2}.Debug|Any CPU.Build.0 = Debug|Any CPU
		{9DF7AB50-6946-41E3-9066-FE209762D5F2}.Release|Any CPU.ActiveCfg = Release|Any CPU
		{9DF7AB50-6946-41E3-9066-FE209762D5F2}.Release|Any CPU.Build.0 = Release|Any CPU
		{FC3E26CD-F674-49D5-B567-0C4902085D2B}.Debug|Any CPU.ActiveCfg = Debug|Any CPU
		{FC3E26CD-F674-49D5-B567-0C4902085D2B}.Debug|Any CPU.Build.0 = Debug|Any CPU
		{FC3E26CD-F674-49D5-B567-0C4902085D2B}.Release|Any CPU.ActiveCfg = Release|Any CPU
		{FC3E26CD-F674-49D5-B567-0C4902085D2B}.Release|Any CPU.Build.0 = Release|Any CPU
		{182664EA-9C49-4573-8C53-DA4DAD828737}.Debug|Any CPU.ActiveCfg = Debug|Any CPU
		{182664EA-9C49-4573-8C53-DA4DAD828737}.Debug|Any CPU.Build.0 = Debug|Any CPU
		{182664EA-9C49-4573-8C53-DA4DAD828737}.Release|Any CPU.ActiveCfg = Release|Any CPU
		{182664EA-9C49-4573-8C53-DA4DAD828737}.Release|Any CPU.Build.0 = Release|Any CPU
		{A0928135-A6A3-48BC-860B-CE70DC8542C6}.Debug|Any CPU.ActiveCfg = Debug
		{A0928135-A6A3-48BC-860B-CE70DC8542C6}.Release|Any CPU.ActiveCfg = Release
	EndGlobalSection
	GlobalSection(SolutionProperties) = preSolution
		HideSolutionNode = FALSE
	EndGlobalSection
	GlobalSection(ExtensibilityGlobals) = postSolution
		SolutionGuid = {1FC286D1-0D83-4534-B1A7-86883636D1C0}
	EndGlobalSection
EndGlobal
